{
  "name": "jsonpath-object-transform",
  "version": "1.0.4",
  "lockfileVersion": 2,
  "requires": true,
  "packages": {
    "": {
      "version": "1.0.4",
      "license": "MIT",
      "dependencies": {
        "JSONPath": "^0.10.0"
      },
      "devDependencies": {
        "bower": "^1.3.1"
      }
    },
    "node_modules/bower": {
      "version": "1.8.12",
      "resolved": "https://registry.npmjs.org/bower/-/bower-1.8.12.tgz",
      "integrity": "sha512-u1xy9SrwwoPlgjuHNjhV+YUPVdqyBj2ALBxuzeIUKXaPI2i2xypGgxqXkuHcITGdi5yBj5JuXgyMvgiWiS1S3Q==",
      "dev": true,
      "bin": {
        "bower": "bin/bower"
      },
      "engines": {
        "node": ">=0.10.0"
      }
    },
    "node_modules/JSONPath": {
      "version": "0.10.0",
      "resolved": "https://registry.npmjs.org/JSONPath/-/JSONPath-0.10.0.tgz",
      "integrity": "sha1-RJWb3ZTjZBhY5/IUfZPHMvNQWxw=",
      "dependencies": {
        "underscore": "*"
      }
    },
    "node_modules/underscore": {
      "version": "1.13.1",
      "resolved": "https://registry.npmjs.org/underscore/-/underscore-1.13.1.tgz",
      "integrity": "sha512-hzSoAVtJF+3ZtiFX0VgfFPHEDRm7Y/QPjGyNo4TVdnDTdft3tr8hEkD25a1jC+TjTuE7tkHGKkhwCgs9dgBB2g=="
    }
  },
  "dependencies": {
    "bower": {
      "version": "1.8.12",
      "resolved": "https://registry.npmjs.org/bower/-/bower-1.8.12.tgz",
      "integrity": "sha512-u1xy9SrwwoPlgjuHNjhV+YUPVdqyBj2ALBxuzeIUKXaPI2i2xypGgxqXkuHcITGdi5yBj5JuXgyMvgiWiS1S3Q==",
      "dev": true
    },
    "JSONPath": {
      "version": "0.10.0",
      "resolved": "https://registry.npmjs.org/JSONPath/-/JSONPath-0.10.0.tgz",
      "integrity": "sha1-RJWb3ZTjZBhY5/IUfZPHMvNQWxw=",
      "requires": {
        "underscore": "*"
      }
    },
    "underscore": {
      "version": "1.13.1",
      "resolved": "https://registry.npmjs.org/underscore/-/underscore-1.13.1.tgz",
      "integrity": "sha512-hzSoAVtJF+3ZtiFX0VgfFPHEDRm7Y/QPjGyNo4TVdnDTdft3tr8hEkD25a1jC+TjTuE7tkHGKkhwCgs9dgBB2g=="
    }
  }
}
